// !$*UTF8*$!
{
	archiveVersion = 1;
	classes = {
	};
	objectVersion = 50;
	objects = {

/* Begin PBXBuildFile section */
		FB3DF3A8231FC66200C14FAA /* AppDelegate.swift in Sources */ = {isa = PBXBuildFile; fileRef = FB3DF3A7231FC66200C14FAA /* AppDelegate.swift */; };
		FB3DF3AA231FC66200C14FAA /* ViewController.swift in Sources */ = {isa = PBXBuildFile; fileRef = FB3DF3A9231FC66200C14FAA /* ViewController.swift */; };
		FB3DF3AD231FC66200C14FAA /* Main.storyboard in Resources */ = {isa = PBXBuildFile; fileRef = FB3DF3AB231FC66200C14FAA /* Main.storyboard */; };
		FB3DF3B0231FC66200C14FAA /* WeekdayFinder.xcdatamodeld in Sources */ = {isa = PBXBuildFile; fileRef = FB3DF3AE231FC66200C14FAA /* WeekdayFinder.xcdatamodeld */; };
		FB3DF3B2231FC66500C14FAA /* Assets.xcassets in Resources */ = {isa = PBXBuildFile; fileRef = FB3DF3B1231FC66500C14FAA /* Assets.xcassets */; };
		FB3DF3B5231FC66500C14FAA /* LaunchScreen.storyboard in Resources */ = {isa = PBXBuildFile; fileRef = FB3DF3B3231FC66500C14FAA /* LaunchScreen.storyboard */; };
/* End PBXBuildFile section */

/* Begin PBXFileReference section */
		FB3DF3A4231FC66200C14FAA /* WeekdayFinder.app */ = {isa = PBXFileReference; explicitFileType = wrapper.application; includeInIndex = 0; path = WeekdayFinder.app; sourceTree = BUILT_PRODUCTS_DIR; };
		FB3DF3A7231FC66200C14FAA /* AppDelegate.swift */ = {isa = PBXFileReference; lastKnownFileType = sourcecode.swift; path = AppDelegate.swift; sourceTree = "<group>"; };
		FB3DF3A9231FC66200C14FAA /* ViewController.swift */ = {isa = PBXFileReference; lastKnownFileType = sourcecode.swift; path = ViewController.swift; sourceTree = "<group>"; };
		FB3DF3AC231FC66200C14FAA /* Base */ = {isa = PBXFileReference; lastKnownFileType = file.storyboard; name = Base; path = Base.lproj/Main.storyboard; sourceTree = "<group>"; };
		FB3DF3AF231FC66200C14FAA /* WeekdayFinder.xcdatamodel */ = {isa = PBXFileReference; lastKnownFileType = wrapper.xcdatamodel; path = WeekdayFinder.xcdatamodel; sourceTree = "<group>"; };
		FB3DF3B1231FC66500C14FAA /* Assets.xcassets */ = {isa = PBXFileReference; lastKnownFileType = folder.assetcatalog; path = Assets.xcassets; sourceTree = "<group>"; };
		FB3DF3B4231FC66500C14FAA /* Base */ = {isa = PBXFileReference; lastKnownFileType = file.storyboard; name = Base; path = Base.lproj/LaunchScreen.storyboard; sourceTree = "<group>"; };
		FB3DF3B6231FC66500C14FAA /* Info.plist */ = {isa = PBXFileReference; lastKnownFileType = text.plist.xml; path = Info.plist; sourceTree = "<group>"; };
/* End PBXFileReference section */

/* Begin PBXFrameworksBuildPhase section */
		FB3DF3A1231FC66200C14FAA /* Frameworks */ = {
			isa = PBXFrameworksBuildPhase;
			buildActionMask = 2147483647;
			files = (
			);
			runOnlyForDeploymentPostprocessing = 0;
		};
/* End PBXFrameworksBuildPhase section */

/* Begin PBXGroup section */
		FB3DF39B231FC66200C14FAA = {
			isa = PBXGroup;
			children = (
				FB3DF3A6231FC66200C14FAA /* WeekdayFinder */,
				FB3DF3A5231FC66200C14FAA /* Products */,
			);
			sourceTree = "<group>";
		};
		FB3DF3A5231FC66200C14FAA /* Products */ = {
			isa = PBXGroup;
			children = (
				FB3DF3A4231FC66200C14FAA /* WeekdayFinder.app */,
			);
			name = Products;
			sourceTree = "<group>";
		};
		FB3DF3A6231FC66200C14FAA /* WeekdayFinder */ = {
			isa = PBXGroup;
			children = (
				FB3DF3A7231FC66200C14FAA /* AppDelegate.swift */,
				FB3DF3A9231FC66200C14FAA /* ViewController.swift */,
				FB3DF3AB231FC66200C14FAA /* Main.storyboard */,
				FB3DF3B1231FC66500C14FAA /* Assets.xcassets */,
				FB3DF3B3231FC66500C14FAA /* LaunchScreen.storyboard */,
				FB3DF3B6231FC66500C14FAA /* Info.plist */,
				FB3DF3AE231FC66200C14FAA /* WeekdayFinder.xcdatamodeld */,
			);
			path = WeekdayFinder;
			sourceTree = "<group>";
		};
/* End PBXGroup section */

/* Begin PBXNativeTarget section */
		FB3DF3A3231FC66200C14FAA /* WeekdayFinder */ = {
			isa = PBXNativeTarget;
			buildConfigurationList = FB3DF3B9231FC66500C14FAA /* Build configuration list for PBXNativeTarget "WeekdayFinder" */;
			buildPhases = (
				FB3DF3A0231FC66200C14FAA /* Sources */,
				FB3DF3A1231FC66200C14FAA /* Frameworks */,
				FB3DF3A2231FC66200C14FAA /* Resources */,
			);
			buildRules = (
			);
			dependencies = (
			);
			name = WeekdayFinder;
			productName = WeekdayFinder;
			productReference = FB3DF3A4231FC66200C14FAA /* WeekdayFinder.app */;
			productType = "com.apple.product-type.application";
		};
/* End PBXNativeTarget section */

/* Begin PBXProject section */
		FB3DF39C231FC66200C14FAA /* Project object */ = {
			isa = PBXProject;
			attributes = {
				LastSwiftUpdateCheck = 1030;
				LastUpgradeCheck = 1030;
				ORGANIZATIONNAME = "Vasilii Burenkov";
				TargetAttributes = {
					FB3DF3A3231FC66200C14FAA = {
						CreatedOnToolsVersion = 10.3;
					};
				};
			};
			buildConfigurationList = FB3DF39F231FC66200C14FAA /* Build configuration list for PBXProject "WeekdayFinder" */;
			compatibilityVersion = "Xcode 9.3";
			developmentRegion = en;
			hasScannedForEncodings = 0;
			knownRegions = (
				en,
				Base,
			);
			mainGroup = FB3DF39B231FC66200C14FAA;
			productRefGroup = FB3DF3A5231FC66200C14FAA /* Products */;
			projectDirPath = "";
			projectRoot = "";
			targets = (
				FB3DF3A3231FC66200C14FAA /* WeekdayFinder */,
			);
		};
/* End PBXProject section */

/* Begin PBXResourcesBuildPhase section */
		FB3DF3A2231FC66200C14FAA /* Resources */ = {
			isa = PBXResourcesBuildPhase;
			buildActionMask = 2147483647;
			files = (
				FB3DF3B5231FC66500C14FAA /* LaunchScreen.storyboard in Resources */,
				FB3DF3B2231FC66500C14FAA /* Assets.xcassets in Resources */,
				FB3DF3AD231FC66200C14FAA /* Main.storyboard in Resources */,
			);
			runOnlyForDeploymentPostprocessing = 0;
		};
/* End PBXResourcesBuildPhase section */

/* Begin PBXSourcesBuildPhase section */
		FB3DF3A0231FC66200C14FAA /* Sources */ = {
			isa = PBXSourcesBuildPhase;
			buildActionMask = 2147483647;
			files = (
				FB3DF3B0231FC66200C14FAA /* WeekdayFinder.xcdatamodeld in Sources */,
				FB3DF3AA231FC66200C14FAA /* ViewController.swift in Sources */,
				FB3DF3A8231FC66200C14FAA /* AppDelegate.swift in Sources */,
			);
			runOnlyForDeploymentPostprocessing = 0;
		};
/* End PBXSourcesBuildPhase section */

/* Begin PBXVariantGroup section */
		FB3DF3AB231FC66200C14FAA /* Main.storyboard */ = {
			isa = PBXVariantGroup;
			children = (
				FB3DF3AC231FC66200C14FAA /* Base */,
			);
			name = Main.storyboard;
			sourceTree = "<group>";
		};
		FB3DF3B3231FC66500C14FAA /* LaunchScreen.storyboard */ = {
			isa = PBXVariantGroup;
			children = (
				FB3DF3B4231FC66500C14FAA /* Base */,
			);
			name = LaunchScreen.storyboard;
			sourceTree = "<group>";
		};
/* End PBXVariantGroup section */

/* Begin XCBuildConfiguration section */
		FB3DF3B7231FC66500C14FAA /* Debug */ = {
			isa = XCBuildConfiguration;
			buildSettings = {
				ALWAYS_SEARCH_USER_PATHS = NO;
				CLANG_ANALYZER_NONNULL = YES;
				CLANG_ANALYZER_NUMBER_OBJECT_CONVERSION = YES_AGGRESSIVE;
				CLANG_CXX_LANGUAGE_STANDARD = "gnu++14";
				CLANG_CXX_LIBRARY = "libc++";
				CLANG_ENABLE_MODULES = YES;
				CLANG_ENABLE_OBJC_ARC = YES;
				CLANG_ENABLE_OBJC_WEAK = YES;
				CLANG_WARN_BLOCK_CAPTURE_AUTORELEASING = YES;
				CLANG_WARN_BOOL_CONVERSION = YES;
				CLANG_WARN_COMMA = YES;
				CLANG_WARN_CONSTANT_CONVERSION = YES;
				CLANG_WARN_DEPRECATED_OBJC_IMPLEMENTATIONS = YES;
				CLANG_WARN_DIRECT_OBJC_ISA_USAGE = YES_ERROR;
				CLANG_WARN_DOCUMENTATION_COMMENTS = YES;
				CLANG_WARN_EMPTY_BODY = YES;
				CLANG_WARN_ENUM_CONVERSION = YES;
				CLANG_WARN_INFINITE_RECURSION = YES;
				CLANG_WARN_INT_CONVERSION = YES;
				CLANG_WARN_NON_LITERAL_NULL_CONVERSION = YES;
				CLANG_WARN_OBJC_IMPLICIT_RETAIN_SELF = YES;
				CLANG_WARN_OBJC_LITERAL_CONVERSION = YES;
				CLANG_WARN_OBJC_ROOT_CLASS = YES_ERROR;
				CLANG_WARN_RANGE_LOOP_ANALYSIS = YES;
				CLANG_WARN_STRICT_PROTOTYPES = YES;
				CLANG_WARN_SUSPICIOUS_MOVE = YES;
				CLANG_WARN_UNGUARDED_AVAILABILITY = YES_AGGRESSIVE;
				CLANG_WARN_UNREACHABLE_CODE = YES;
				CLANG_WARN__DUPLICATE_METHOD_MATCH = YES;
				CODE_SIGN_IDENTITY = "iPhone Developer";
				COPY_PHASE_STRIP = NO;
				DEBUG_INFORMATION_FORMAT = dwarf;
				ENABLE_STRICT_OBJC_MSGSEND = YES;
				ENABLE_TESTABILITY = YES;
				GCC_C_LANGUAGE_STANDARD = gnu11;
				GCC_DYNAMIC_NO_PIC = NO;
				GCC_NO_COMMON_BLOCKS = YES;
				GCC_OPTIMIZATION_LEVEL = 0;
				GCC_PREPROCESSOR_DEFINITIONS = (
					"DEBUG=1",
					"$(inherited)",
				);
				GCC_WARN_64_TO_32_BIT_CONVERSION = YES;
				GCC_WARN_ABOUT_RETURN_TYPE = YES_ERROR;
				GCC_WARN_UNDECLARED_SELECTOR = YES;
				GCC_WARN_UNINITIALIZED_AUTOS = YES_AGGRESSIVE;
				GCC_WARN_UNUSED_FUNCTION = YES;
				GCC_WARN_UNUSED_VARIABLE = YES;
				IPHONEOS_DEPLOYMENT_TARGET = 12.4;
				MTL_ENABLE_DEBUG_INFO = INCLUDE_SOURCE;
				MTL_FAST_MATH = YES;
				ONLY_ACTIVE_ARCH = YES;
				SDKROOT = iphoneos;
				SWIFT_ACTIVE_COMPILATION_CONDITIONS = DEBUG;
				SWIFT_OPTIMIZATION_LEVEL = "-Onone";
			};
			name = Debug;
		};
		FB3DF3B8231FC66500C14FAA /* Release */ = {
			isa = XCBuildConfiguration;
			buildSettings = {
				ALWAYS_SEARCH_USER_PATHS = NO;
				CLANG_ANALYZER_NONNULL = YES;
				CLANG_ANALYZER_NUMBER_OBJECT_CONVERSION = YES_AGGRESSIVE;
				CLANG_CXX_LANGUAGE_STANDARD = "gnu++14";
				CLANG_CXX_LIBRARY = "libc++";
				CLANG_ENABLE_MODULES = YES;
				CLANG_ENABLE_OBJC_ARC = YES;
				CLANG_ENABLE_OBJC_WEAK = YES;
				CLANG_WARN_BLOCK_CAPTURE_AUTORELEASING = YES;
				CLANG_WARN_BOOL_CONVERSION = YES;
				CLANG_WARN_COMMA = YES;
				CLANG_WARN_CONSTANT_CONVERSION = YES;
				CLANG_WARN_DEPRECATED_OBJC_IMPLEMENTATIONS = YES;
				CLANG_WARN_DIRECT_OBJC_ISA_USAGE = YES_ERROR;
				CLANG_WARN_DOCUMENTATION_COMMENTS = YES;
				CLANG_WARN_EMPTY_BODY = YES;
				CLANG_WARN_ENUM_CONVERSION = YES;
				CLANG_WARN_INFINITE_RECURSION = YES;
				CLANG_WARN_INT_CONVERSION = YES;
				CLANG_WARN_NON_LITERAL_NULL_CONVERSION = YES;
				CLANG_WARN_OBJC_IMPLICIT_RETAIN_SELF = YES;
				CLANG_WARN_OBJC_LITERAL_CONVERSION = YES;
				CLANG_WARN_OBJC_ROOT_CLASS = YES_ERROR;
				CLANG_WARN_RANGE_LOOP_ANALYSIS = YES;
				CLANG_WARN_STRICT_PROTOTYPES = YES;
				CLANG_WARN_SUSPICIOUS_MOVE = YES;
				CLANG_WARN_UNGUARDED_AVAILABILITY = YES_AGGRESSIVE;
				CLANG_WARN_UNREACHABLE_CODE = YES;
				CLANG_WARN__DUPLICATE_METHOD_MATCH = YES;
				CODE_SIGN_IDENTITY = "iPhone Developer";
				COPY_PHASE_STRIP = NO;
				DEBUG_INFORMATION_FORMAT = "dwarf-with-dsym";
				ENABLE_NS_ASSERTIONS = NO;
				ENABLE_STRICT_OBJC_MSGSEND = YES;
				GCC_C_LANGUAGE_STANDARD = gnu11;
				GCC_NO_COMMON_BLOCKS = YES;
				GCC_WARN_64_TO_32_BIT_CONVERSION = YES;
				GCC_WARN_ABOUT_RETURN_TYPE = YES_ERROR;
				GCC_WARN_UNDECLARED_SELECTOR = YES;
				GCC_WARN_UNINITIALIZED_AUTOS = YES_AGGRESSIVE;
				GCC_WARN_UNUSED_FUNCTION = YES;
				GCC_WARN_UNUSED_VARIABLE = YES;
				IPHONEOS_DEPLOYMENT_TARGET = 12.4;
				MTL_ENABLE_DEBUG_INFO = NO;
				MTL_FAST_MATH = YES;
				SDKROOT = iphoneos;
				SWIFT_COMPILATION_MODE = wholemodule;
				SWIFT_OPTIMIZATION_LEVEL = "-O";
				VALIDATE_PRODUCT = YES;
			};
			name = Release;
		};
		FB3DF3BA231FC66500C14FAA /* Debug */ = {
			isa = XCBuildConfiguration;
			buildSettings = {
				ASSETCATALOG_COMPILER_APPICON_NAME = AppIcon;
				CODE_SIGN_STYLE = Automatic;
				DEVELOPMENT_TEAM = 2SG6U667DB;
				INFOPLIST_FILE = WeekdayFinder/Info.plist;
				LD_RUNPATH_SEARCH_PATHS = (
					"$(inherited)",
					"@executable_path/Frameworks",
				);
				PRODUCT_BUNDLE_IDENTIFIER = com.burenkov.WeekdayFinder;
				PRODUCT_NAME = "$(TARGET_NAME)";
				SWIFT_VERSION = 5.0;
				TARGETED_DEVICE_FAMILY = "1,2";
			};
			name = Debug;
		};
		FB3DF3BB231FC66500C14FAA /* Release */ = {
			isa = XCBuildConfiguration;
			buildSettings = {
				ASSETCATALOG_COMPILER_APPICON_NAME = AppIcon;
				CODE_SIGN_STYLE = Automatic;
				DEVELOPMENT_TEAM = 2SG6U667DB;
				INFOPLIST_FILE = WeekdayFinder/Info.plist;
				LD_RUNPATH_SEARCH_PATHS = (
					"$(inherited)",
					"@executable_path/Frameworks",
				);
				PRODUCT_BUNDLE_IDENTIFIER = com.burenkov.WeekdayFinder;
				PRODUCT_NAME = "$(TARGET_NAME)";
				SWIFT_VERSION = 5.0;
				TARGETED_DEVICE_FAMILY = "1,2";
			};
			name = Release;
		};
/* End XCBuildConfiguration section */

/* Begin XCConfigurationList section */
		FB3DF39F231FC66200C14FAA /* Build configuration list for PBXProject "WeekdayFinder" */ = {
			isa = XCConfigurationList;
			buildConfigurations = (
				FB3DF3B7231FC66500C14FAA /* Debug */,
				FB3DF3B8231FC66500C14FAA /* Release */,
			);
			defaultConfigurationIsVisible = 0;
			defaultConfigurationName = Release;
		};
		FB3DF3B9231FC66500C14FAA /* Build configuration list for PBXNativeTarget "WeekdayFinder" */ = {
			isa = XCConfigurationList;
			buildConfigurations = (
				FB3DF3BA231FC66500C14FAA /* Debug */,
				FB3DF3BB231FC66500C14FAA /* Release */,
			);
			defaultConfigurationIsVisible = 0;
			defaultConfigurationName = Release;
		};
/* End XCConfigurationList section */

/* Begin XCVersionGroup section */
		FB3DF3AE231FC66200C14FAA /* WeekdayFinder.xcdatamodeld */ = {
			isa = XCVersionGroup;
			children = (
				FB3DF3AF231FC66200C14FAA /* WeekdayFinder.xcdatamodel */,
			);
			currentVersion = FB3DF3AF231FC66200C14FAA /* WeekdayFinder.xcdatamodel */;
			path = WeekdayFinder.xcdatamodeld;
			sourceTree = "<group>";
			versionGroupType = wrapper.xcdatamodel;
		};
/* End XCVersionGroup section */
	};
	rootObject = FB3DF39C231FC66200C14FAA /* Project object */;
}
